{
  "lockfileVersion": 1,
  "configVersion": 0,
  "workspaces": {
    "": {
      "name": "music-genre-classifier",
      "dependencies": {
        "autoprefixer": "^10.5.0",
        "postcss": "^8.5.10",
        "tailwindcss": "^4.2.4",
      },
      "devDependencies": {
        "prettier": "^3.8.3",
      },
    },
  },
  "packages": {
    "autoprefixer": ["autoprefixer@10.5.0", "", { "dependencies": { "browserslist": "^4.28.2", "caniuse-lite": "^1.0.30001787", "fraction.js": "^5.3.4", "picocolors": "^1.1.1", "postcss-value-parser": "^4.2.0" }, "peerDependencies": { "postcss": "^8.1.0" }, "bin": "bin/autoprefixer" }, ""],

    "baseline-browser-mapping": ["baseline-browser-mapping@2.10.23", "", { "bin": "dist/cli.cjs" }, ""],

    "browserslist": ["browserslist@4.28.2", "", { "dependencies": { "baseline-browser-mapping": "^2.10.12", "caniuse-lite": "^1.0.30001782", "electron-to-chromium": "^1.5.328", "node-releases": "^2.0.36", "update-browserslist-db": "^1.2.3" }, "bin": "cli.js" }, ""],

    "caniuse-lite": ["caniuse-lite@1.0.30001791", "", {}, ""],

    "electron-to-chromium": ["electron-to-chromium@1.5.344", "", {}, ""],

    "escalade": ["escalade@3.2.0", "", {}, ""],

    "fraction.js": ["fraction.js@5.3.4", "", {}, ""],

    "nanoid": ["nanoid@3.3.11", "", { "bin": "bin/nanoid.cjs" }, ""],

    "node-releases": ["node-releases@2.0.38", "", {}, ""],

    "picocolors": ["picocolors@1.1.1", "", {}, ""],

    "postcss": ["postcss@8.5.12", "", { "dependencies": { "nanoid": "^3.3.11", "picocolors": "^1.1.1", "source-map-js": "^1.2.1" } }, ""],

    "postcss-value-parser": ["postcss-value-parser@4.2.0", "", {}, ""],

    "prettier": ["prettier@3.8.3", "", { "bin": "bin/prettier.cjs" }, ""],

    "source-map-js": ["source-map-js@1.2.1", "", {}, ""],

    "tailwindcss": ["tailwindcss@4.2.4", "", {}, ""],

    "update-browserslist-db": ["update-browserslist-db@1.2.3", "", { "dependencies": { "escalade": "^3.2.0", "picocolors": "^1.1.1" }, "peerDependencies": { "browserslist": ">= 4.21.0" }, "bin": "cli.js" }, ""],
  }
}
